
Microsoft Visual Studio Solution File, Format Version 12.00
# Visual Studio Version 17
VisualStudioVersion = 17.5.33414.496
MinimumVisualStudioVersion = 10.0.40219.1
Project("{8BC9CEB8-8B4A-11D0-8D11-00A0C91BC942}") = "Алгоритм Маркова", "Алгоритм Маркова\Алгоритм Маркова.vcxproj", "{CCF31C18-E77E-4D1F-8366-33BFEABB06E0}"
EndProject
Global
	GlobalSection(SolutionConfigurationPlatforms) = preSolution
		Debug|x64 = Debug|x64
		Debug|x86 = Debug|x86
		Release|x64 = Release|x64
		Release|x86 = Release|x86
	EndGlobalSection
	GlobalSection(ProjectConfigurationPlatforms) = postSolution
		{CCF31C18-E77E-4D1F-8366-33BFEABB06E0}.Debug|x64.ActiveCfg = Debug|x64
		{CCF31C18-E77E-4D1F-8366-33BFEABB06E0}.Debug|x64.Build.0 = Debug|x64
		{CCF31C18-E77E-4D1F-8366-33BFEABB06E0}.Debug|x86.ActiveCfg = Debug|Win32
		{CCF31C18-E77E-4D1F-8366-33BFEABB06E0}.Debug|x86.Build.0 = Debug|Win32
		{CCF31C18-E77E-4D1F-8366-33BFEABB06E0}.Release|x64.ActiveCfg = Release|x64
		{CCF31C18-E77E-4D1F-8366-33BFEABB06E0}.Release|x64.Build.0 = Release|x64
		{CCF31C18-E77E-4D1F-8366-33BFEABB06E0}.Release|x86.ActiveCfg = Release|Win32
		{CCF31C18-E77E-4D1F-8366-33BFEABB06E0}.Release|x86.Build.0 = Release|Win32
	EndGlobalSection
	GlobalSection(SolutionProperties) = preSolution
		HideSolutionNode = FALSE
	EndGlobalSection
	GlobalSection(ExtensibilityGlobals) = postSolution
		SolutionGuid = {4FF0499D-68FF-4960-8647-DF26086B5468}
	EndGlobalSection
EndGlobal
