
Microsoft Visual Studio Solution File, Format Version 12.00
# Visual Studio Version 17
VisualStudioVersion = 17.5.33414.496
MinimumVisualStudioVersion = 10.0.40219.1
Project("{8BC9CEB8-8B4A-11D0-8D11-00A0C91BC942}") = "Зворотній польський запис", "Зворотній польський запис\Зворотній польський запис.vcxproj", "{21ACBBF4-8614-4A7D-8DF4-98F3B239041A}"
EndProject
Global
	GlobalSection(SolutionConfigurationPlatforms) = preSolution
		Debug|x64 = Debug|x64
		Debug|x86 = Debug|x86
		Release|x64 = Release|x64
		Release|x86 = Release|x86
	EndGlobalSection
	GlobalSection(ProjectConfigurationPlatforms) = postSolution
		{21ACBBF4-8614-4A7D-8DF4-98F3B239041A}.Debug|x64.ActiveCfg = Debug|x64
		{21ACBBF4-8614-4A7D-8DF4-98F3B239041A}.Debug|x64.Build.0 = Debug|x64
		{21ACBBF4-8614-4A7D-8DF4-98F3B239041A}.Debug|x86.ActiveCfg = Debug|Win32
		{21ACBBF4-8614-4A7D-8DF4-98F3B239041A}.Debug|x86.Build.0 = Debug|Win32
		{21ACBBF4-8614-4A7D-8DF4-98F3B239041A}.Release|x64.ActiveCfg = Release|x64
		{21ACBBF4-8614-4A7D-8DF4-98F3B239041A}.Release|x64.Build.0 = Release|x64
		{21ACBBF4-8614-4A7D-8DF4-98F3B239041A}.Release|x86.ActiveCfg = Release|Win32
		{21ACBBF4-8614-4A7D-8DF4-98F3B239041A}.Release|x86.Build.0 = Release|Win32
	EndGlobalSection
	GlobalSection(SolutionProperties) = preSolution
		HideSolutionNode = FALSE
	EndGlobalSection
	GlobalSection(ExtensibilityGlobals) = postSolution
		SolutionGuid = {26DFB66A-7CF9-4BF3-B751-A510117CAAE4}
	EndGlobalSection
EndGlobal
